
Microsoft Visual Studio Solution File, Format Version 12.00
# Visual Studio Version 17
VisualStudioVersion = 17.7.34031.279
MinimumVisualStudioVersion = 10.0.40219.1
Project("{FAE04EC0-301F-11D3-BF4B-00C04F79EFBC}") = "LibraryApp", "LibraryApp\LibraryApp.csproj", "{0453F216-A8E6-4D36-97C3-61D2171F8AF9}"
EndProject
Project("{FAE04EC0-301F-11D3-BF4B-00C04F79EFBC}") = "LibraryApp.Tests", "LibraryApp.Tests\LibraryApp.Tests.csproj", "{9A078308-1AA6-496C-87CF-0E1ABA9EE239}"
EndProject
Global
	GlobalSection(SolutionConfigurationPlatforms) = preSolution
		Debug|Any CPU = Debug|Any CPU
		Release|Any CPU = Release|Any CPU
	EndGlobalSection
	GlobalSection(ProjectConfigurationPlatforms) = postSolution
		{0453F216-A8E6-4D36-97C3-61D2171F8AF9}.Debug|Any CPU.ActiveCfg = Debug|Any CPU
		{0453F216-A8E6-4D36-97C3-61D2171F8AF9}.Debug|Any CPU.Build.0 = Debug|Any CPU
		{0453F216-A8E6-4D36-97C3-61D2171F8AF9}.Release|Any CPU.ActiveCfg = Release|Any CPU
		{0453F216-A8E6-4D36-97C3-61D2171F8AF9}.Release|Any CPU.Build.0 = Release|Any CPU
		{9A078308-1AA6-496C-87CF-0E1ABA9EE239}.Debug|Any CPU.ActiveCfg = Debug|Any CPU
		{9A078308-1AA6-496C-87CF-0E1ABA9EE239}.Debug|Any CPU.Build.0 = Debug|Any CPU
		{9A078308-1AA6-496C-87CF-0E1ABA9EE239}.Release|Any CPU.ActiveCfg = Release|Any CPU
		{9A078308-1AA6-496C-87CF-0E1ABA9EE239}.Release|Any CPU.Build.0 = Release|Any CPU
	EndGlobalSection
	GlobalSection(SolutionProperties) = preSolution
		HideSolutionNode = FALSE
	EndGlobalSection
	GlobalSection(ExtensibilityGlobals) = postSolution
		SolutionGuid = {E64955D9-0C67-400B-A6F9-20C4F6F94501}
	EndGlobalSection
EndGlobal
